
Microsoft Visual Studio Solution File, Format Version 12.00
Project("{F2A71F9B-5D33-465A-A702-920D77279786}") = "ConsoleApp1", "ConsoleApp1\ConsoleApp1.fsproj", "{39364B1B-D64D-4C41-886E-53CFDB1C79BD}"
EndProject
Global
	GlobalSection(SolutionConfigurationPlatforms) = preSolution
		Debug|Any CPU = Debug|Any CPU
		Release|Any CPU = Release|Any CPU
	EndGlobalSection
	GlobalSection(ProjectConfigurationPlatforms) = postSolution
		{39364B1B-D64D-4C41-886E-53CFDB1C79BD}.Debug|Any CPU.ActiveCfg = Debug|Any CPU
		{39364B1B-D64D-4C41-886E-53CFDB1C79BD}.Debug|Any CPU.Build.0 = Debug|Any CPU
		{39364B1B-D64D-4C41-886E-53CFDB1C79BD}.Release|Any CPU.ActiveCfg = Release|Any CPU
		{39364B1B-D64D-4C41-886E-53CFDB1C79BD}.Release|Any CPU.Build.0 = Release|Any CPU
	EndGlobalSection
EndGlobal
